// !$*UTF8*$!
{
	archiveVersion = 1;
	classes = {
	};
	objectVersion = 56;
	objects = {

/* Begin PBXBuildFile section */
		4515C7EA2A0EC56900E56D8D /* SwiftFields in Frameworks */ = {isa = PBXBuildFile; productRef = 4515C7E92A0EC56900E56D8D /* SwiftFields */; };
		45915A302A13CD4600916223 /* AngleEditorDemo.swift in Sources */ = {isa = PBXBuildFile; fileRef = 45915A2F2A13CD4600916223 /* AngleEditorDemo.swift */; };
		459F6F232A16891B001E4E6F /* PathSliderDemo.swift in Sources */ = {isa = PBXBuildFile; fileRef = 459F6F222A16891B001E4E6F /* PathSliderDemo.swift */; };
		45E5129A2A0EC5190070D177 /* SwiftFieldsDemoApp.swift in Sources */ = {isa = PBXBuildFile; fileRef = 45E512992A0EC5190070D177 /* SwiftFieldsDemoApp.swift */; };
		45E5129C2A0EC5190070D177 /* ContentView.swift in Sources */ = {isa = PBXBuildFile; fileRef = 45E5129B2A0EC5190070D177 /* ContentView.swift */; };
		45E5129E2A0EC5190070D177 /* Assets.xcassets in Resources */ = {isa = PBXBuildFile; fileRef = 45E5129D2A0EC5190070D177 /* Assets.xcassets */; };
		45E512A22A0EC5190070D177 /* Preview Assets.xcassets in Resources */ = {isa = PBXBuildFile; fileRef = 45E512A12A0EC5190070D177 /* Preview Assets.xcassets */; };
/* End PBXBuildFile section */

/* Begin PBXFileReference section */
		4515C7E72A0EC56100E56D8D /* SwiftFields */ = {isa = PBXFileReference; lastKnownFileType = wrapper; name = SwiftFields; path = ..; sourceTree = "<group>"; };
		45915A2F2A13CD4600916223 /* AngleEditorDemo.swift */ = {isa = PBXFileReference; lastKnownFileType = sourcecode.swift; path = AngleEditorDemo.swift; sourceTree = "<group>"; };
		459F6F222A16891B001E4E6F /* PathSliderDemo.swift */ = {isa = PBXFileReference; fileEncoding = 4; lastKnownFileType = sourcecode.swift; path = PathSliderDemo.swift; sourceTree = "<group>"; };
		45E512962A0EC5190070D177 /* SwiftFieldsDemo.app */ = {isa = PBXFileReference; explicitFileType = wrapper.application; includeInIndex = 0; path = SwiftFieldsDemo.app; sourceTree = BUILT_PRODUCTS_DIR; };
		45E512992A0EC5190070D177 /* SwiftFieldsDemoApp.swift */ = {isa = PBXFileReference; lastKnownFileType = sourcecode.swift; path = SwiftFieldsDemoApp.swift; sourceTree = "<group>"; };
		45E5129B2A0EC5190070D177 /* ContentView.swift */ = {isa = PBXFileReference; lastKnownFileType = sourcecode.swift; path = ContentView.swift; sourceTree = "<group>"; };
		45E5129D2A0EC5190070D177 /* Assets.xcassets */ = {isa = PBXFileReference; lastKnownFileType = folder.assetcatalog; path = Assets.xcassets; sourceTree = "<group>"; };
		45E5129F2A0EC5190070D177 /* SwiftFieldsDemo.entitlements */ = {isa = PBXFileReference; lastKnownFileType = text.plist.entitlements; path = SwiftFieldsDemo.entitlements; sourceTree = "<group>"; };
		45E512A12A0EC5190070D177 /* Preview Assets.xcassets */ = {isa = PBXFileReference; lastKnownFileType = folder.assetcatalog; path = "Preview Assets.xcassets"; sourceTree = "<group>"; };
/* End PBXFileReference section */

/* Begin PBXFrameworksBuildPhase section */
		45E512932A0EC5190070D177 /* Frameworks */ = {
			isa = PBXFrameworksBuildPhase;
			buildActionMask = 2147483647;
			files = (
				4515C7EA2A0EC56900E56D8D /* SwiftFields in Frameworks */,
			);
			runOnlyForDeploymentPostprocessing = 0;
		};
/* End PBXFrameworksBuildPhase section */

/* Begin PBXGroup section */
		4515C7E62A0EC56100E56D8D /* Packages */ = {
			isa = PBXGroup;
			children = (
				4515C7E72A0EC56100E56D8D /* SwiftFields */,
			);
			name = Packages;
			sourceTree = "<group>";
		};
		4515C7E82A0EC56900E56D8D /* Frameworks */ = {
			isa = PBXGroup;
			children = (
			);
			name = Frameworks;
			sourceTree = "<group>";
		};
		45E5128D2A0EC5180070D177 = {
			isa = PBXGroup;
			children = (
				4515C7E62A0EC56100E56D8D /* Packages */,
				45E512982A0EC5190070D177 /* SwiftFieldsDemo */,
				45E512972A0EC5190070D177 /* Products */,
				4515C7E82A0EC56900E56D8D /* Frameworks */,
			);
			sourceTree = "<group>";
		};
		45E512972A0EC5190070D177 /* Products */ = {
			isa = PBXGroup;
			children = (
				45E512962A0EC5190070D177 /* SwiftFieldsDemo.app */,
			);
			name = Products;
			sourceTree = "<group>";
		};
		45E512982A0EC5190070D177 /* SwiftFieldsDemo */ = {
			isa = PBXGroup;
			children = (
				45E512992A0EC5190070D177 /* SwiftFieldsDemoApp.swift */,
				45E5129B2A0EC5190070D177 /* ContentView.swift */,
				459F6F222A16891B001E4E6F /* PathSliderDemo.swift */,
				45915A2F2A13CD4600916223 /* AngleEditorDemo.swift */,
				45E5129D2A0EC5190070D177 /* Assets.xcassets */,
				45E5129F2A0EC5190070D177 /* SwiftFieldsDemo.entitlements */,
				45E512A02A0EC5190070D177 /* Preview Content */,
			);
			path = SwiftFieldsDemo;
			sourceTree = "<group>";
		};
		45E512A02A0EC5190070D177 /* Preview Content */ = {
			isa = PBXGroup;
			children = (
				45E512A12A0EC5190070D177 /* Preview Assets.xcassets */,
			);
			path = "Preview Content";
			sourceTree = "<group>";
		};
/* End PBXGroup section */

/* Begin PBXNativeTarget section */
		45E512952A0EC5190070D177 /* SwiftFieldsDemo */ = {
			isa = PBXNativeTarget;
			buildConfigurationList = 45E512A52A0EC5190070D177 /* Build configuration list for PBXNativeTarget "SwiftFieldsDemo" */;
			buildPhases = (
				45E512922A0EC5190070D177 /* Sources */,
				45E512932A0EC5190070D177 /* Frameworks */,
				45E512942A0EC5190070D177 /* Resources */,
			);
			buildRules = (
			);
			dependencies = (
			);
			name = SwiftFieldsDemo;
			packageProductDependencies = (
				4515C7E92A0EC56900E56D8D /* SwiftFields */,
			);
			productName = SwiftFieldsDemo;
			productReference = 45E512962A0EC5190070D177 /* SwiftFieldsDemo.app */;
			productType = "com.apple.product-type.application";
		};
/* End PBXNativeTarget section */

/* Begin PBXProject section */
		45E5128E2A0EC5180070D177 /* Project object */ = {
			isa = PBXProject;
			attributes = {
				BuildIndependentTargetsInParallel = 1;
				LastSwiftUpdateCheck = 1430;
				LastUpgradeCheck = 1430;
				TargetAttributes = {
					45E512952A0EC5190070D177 = {
						CreatedOnToolsVersion = 14.3;
					};
				};
			};
			buildConfigurationList = 45E512912A0EC5180070D177 /* Build configuration list for PBXProject "SwiftFieldsDemo" */;
			compatibilityVersion = "Xcode 14.0";
			developmentRegion = en;
			hasScannedForEncodings = 0;
			knownRegions = (
				en,
				Base,
			);
			mainGroup = 45E5128D2A0EC5180070D177;
			productRefGroup = 45E512972A0EC5190070D177 /* Products */;
			projectDirPath = "";
			projectRoot = "";
			targets = (
				45E512952A0EC5190070D177 /* SwiftFieldsDemo */,
			);
		};
/* End PBXProject section */

/* Begin PBXResourcesBuildPhase section */
		45E512942A0EC5190070D177 /* Resources */ = {
			isa = PBXResourcesBuildPhase;
			buildActionMask = 2147483647;
			files = (
				45E512A22A0EC5190070D177 /* Preview Assets.xcassets in Resources */,
				45E5129E2A0EC5190070D177 /* Assets.xcassets in Resources */,
			);
			runOnlyForDeploymentPostprocessing = 0;
		};
/* End PBXResourcesBuildPhase section */

/* Begin PBXSourcesBuildPhase section */
		45E512922A0EC5190070D177 /* Sources */ = {
			isa = PBXSourcesBuildPhase;
			buildActionMask = 2147483647;
			files = (
				459F6F232A16891B001E4E6F /* PathSliderDemo.swift in Sources */,
				45E5129C2A0EC5190070D177 /* ContentView.swift in Sources */,
				45E5129A2A0EC5190070D177 /* SwiftFieldsDemoApp.swift in Sources */,
				45915A302A13CD4600916223 /* AngleEditorDemo.swift in Sources */,
			);
			runOnlyForDeploymentPostprocessing = 0;
		};
/* End PBXSourcesBuildPhase section */

/* Begin XCBuildConfiguration section */
		45E512A32A0EC5190070D177 /* Debug */ = {
			isa = XCBuildConfiguration;
			buildSettings = {
				ALWAYS_SEARCH_USER_PATHS = NO;
				CLANG_ANALYZER_NONNULL = YES;
				CLANG_ANALYZER_NUMBER_OBJECT_CONVERSION = YES_AGGRESSIVE;
				CLANG_CXX_LANGUAGE_STANDARD = "gnu++20";
				CLANG_ENABLE_MODULES = YES;
				CLANG_ENABLE_OBJC_ARC = YES;
				CLANG_ENABLE_OBJC_WEAK = YES;
				CLANG_WARN_BLOCK_CAPTURE_AUTORELEASING = YES;
				CLANG_WARN_BOOL_CONVERSION = YES;
				CLANG_WARN_COMMA = YES;
				CLANG_WARN_CONSTANT_CONVERSION = YES;
				CLANG_WARN_DEPRECATED_OBJC_IMPLEMENTATIONS = YES;
				CLANG_WARN_DIRECT_OBJC_ISA_USAGE = YES_ERROR;
				CLANG_WARN_DOCUMENTATION_COMMENTS = YES;
				CLANG_WARN_EMPTY_BODY = YES;
				CLANG_WARN_ENUM_CONVERSION = YES;
				CLANG_WARN_INFINITE_RECURSION = YES;
				CLANG_WARN_INT_CONVERSION = YES;
				CLANG_WARN_NON_LITERAL_NULL_CONVERSION = YES;
				CLANG_WARN_OBJC_IMPLICIT_RETAIN_SELF = YES;
				CLANG_WARN_OBJC_LITERAL_CONVERSION = YES;
				CLANG_WARN_OBJC_ROOT_CLASS = YES_ERROR;
				CLANG_WARN_QUOTED_INCLUDE_IN_FRAMEWORK_HEADER = YES;
				CLANG_WARN_RANGE_LOOP_ANALYSIS = YES;
				CLANG_WARN_STRICT_PROTOTYPES = YES;
				CLANG_WARN_SUSPICIOUS_MOVE = YES;
				CLANG_WARN_UNGUARDED_AVAILABILITY = YES_AGGRESSIVE;
				CLANG_WARN_UNREACHABLE_CODE = YES;
				CLANG_WARN__DUPLICATE_METHOD_MATCH = YES;
				COPY_PHASE_STRIP = NO;
				DEBUG_INFORMATION_FORMAT = dwarf;
				ENABLE_STRICT_OBJC_MSGSEND = YES;
				ENABLE_TESTABILITY = YES;
				GCC_C_LANGUAGE_STANDARD = gnu11;
				GCC_DYNAMIC_NO_PIC = NO;
				GCC_NO_COMMON_BLOCKS = YES;
				GCC_OPTIMIZATION_LEVEL = 0;
				GCC_PREPROCESSOR_DEFINITIONS = (
					"DEBUG=1",
					"$(inherited)",
				);
				GCC_WARN_64_TO_32_BIT_CONVERSION = YES;
				GCC_WARN_ABOUT_RETURN_TYPE = YES_ERROR;
				GCC_WARN_UNDECLARED_SELECTOR = YES;
				GCC_WARN_UNINITIALIZED_AUTOS = YES_AGGRESSIVE;
				GCC_WARN_UNUSED_FUNCTION = YES;
				GCC_WARN_UNUSED_VARIABLE = YES;
				MTL_ENABLE_DEBUG_INFO = INCLUDE_SOURCE;
				MTL_FAST_MATH = YES;
				ONLY_ACTIVE_ARCH = YES;
				SWIFT_ACTIVE_COMPILATION_CONDITIONS = DEBUG;
				SWIFT_OPTIMIZATION_LEVEL = "-Onone";
			};
			name = Debug;
		};
		45E512A42A0EC5190070D177 /* Release */ = {
			isa = XCBuildConfiguration;
			buildSettings = {
				ALWAYS_SEARCH_USER_PATHS = NO;
				CLANG_ANALYZER_NONNULL = YES;
				CLANG_ANALYZER_NUMBER_OBJECT_CONVERSION = YES_AGGRESSIVE;
				CLANG_CXX_LANGUAGE_STANDARD = "gnu++20";
				CLANG_ENABLE_MODULES = YES;
				CLANG_ENABLE_OBJC_ARC = YES;
				CLANG_ENABLE_OBJC_WEAK = YES;
				CLANG_WARN_BLOCK_CAPTURE_AUTORELEASING = YES;
				CLANG_WARN_BOOL_CONVERSION = YES;
				CLANG_WARN_COMMA = YES;
				CLANG_WARN_CONSTANT_CONVERSION = YES;
				CLANG_WARN_DEPRECATED_OBJC_IMPLEMENTATIONS = YES;
				CLANG_WARN_DIRECT_OBJC_ISA_USAGE = YES_ERROR;
				CLANG_WARN_DOCUMENTATION_COMMENTS = YES;
				CLANG_WARN_EMPTY_BODY = YES;
				CLANG_WARN_ENUM_CONVERSION = YES;
				CLANG_WARN_INFINITE_RECURSION = YES;
				CLANG_WARN_INT_CONVERSION = YES;
				CLANG_WARN_NON_LITERAL_NULL_CONVERSION = YES;
				CLANG_WARN_OBJC_IMPLICIT_RETAIN_SELF = YES;
				CLANG_WARN_OBJC_LITERAL_CONVERSION = YES;
				CLANG_WARN_OBJC_ROOT_CLASS = YES_ERROR;
				CLANG_WARN_QUOTED_INCLUDE_IN_FRAMEWORK_HEADER = YES;
				CLANG_WARN_RANGE_LOOP_ANALYSIS = YES;
				CLANG_WARN_STRICT_PROTOTYPES = YES;
				CLANG_WARN_SUSPICIOUS_MOVE = YES;
				CLANG_WARN_UNGUARDED_AVAILABILITY = YES_AGGRESSIVE;
				CLANG_WARN_UNREACHABLE_CODE = YES;
				CLANG_WARN__DUPLICATE_METHOD_MATCH = YES;
				COPY_PHASE_STRIP = NO;
				DEBUG_INFORMATION_FORMAT = "dwarf-with-dsym";
				ENABLE_NS_ASSERTIONS = NO;
				ENABLE_STRICT_OBJC_MSGSEND = YES;
				GCC_C_LANGUAGE_STANDARD = gnu11;
				GCC_NO_COMMON_BLOCKS = YES;
				GCC_WARN_64_TO_32_BIT_CONVERSION = YES;
				GCC_WARN_ABOUT_RETURN_TYPE = YES_ERROR;
				GCC_WARN_UNDECLARED_SELECTOR = YES;
				GCC_WARN_UNINITIALIZED_AUTOS = YES_AGGRESSIVE;
				GCC_WARN_UNUSED_FUNCTION = YES;
				GCC_WARN_UNUSED_VARIABLE = YES;
				MTL_ENABLE_DEBUG_INFO = NO;
				MTL_FAST_MATH = YES;
				SWIFT_COMPILATION_MODE = wholemodule;
				SWIFT_OPTIMIZATION_LEVEL = "-O";
			};
			name = Release;
		};
		45E512A62A0EC5190070D177 /* Debug */ = {
			isa = XCBuildConfiguration;
			buildSettings = {
				ASSETCATALOG_COMPILER_APPICON_NAME = AppIcon;
				ASSETCATALOG_COMPILER_GLOBAL_ACCENT_COLOR_NAME = AccentColor;
				CODE_SIGN_ENTITLEMENTS = SwiftFieldsDemo/SwiftFieldsDemo.entitlements;
				CODE_SIGN_STYLE = Automatic;
				CURRENT_PROJECT_VERSION = 1;
				DEVELOPMENT_ASSET_PATHS = "\"SwiftFieldsDemo/Preview Content\"";
				DEVELOPMENT_TEAM = 6E23EP94PG;
				ENABLE_HARDENED_RUNTIME = YES;
				ENABLE_PREVIEWS = YES;
				GENERATE_INFOPLIST_FILE = YES;
				"INFOPLIST_KEY_UIApplicationSceneManifest_Generation[sdk=iphoneos*]" = YES;
				"INFOPLIST_KEY_UIApplicationSceneManifest_Generation[sdk=iphonesimulator*]" = YES;
				"INFOPLIST_KEY_UIApplicationSupportsIndirectInputEvents[sdk=iphoneos*]" = YES;
				"INFOPLIST_KEY_UIApplicationSupportsIndirectInputEvents[sdk=iphonesimulator*]" = YES;
				"INFOPLIST_KEY_UILaunchScreen_Generation[sdk=iphoneos*]" = YES;
				"INFOPLIST_KEY_UILaunchScreen_Generation[sdk=iphonesimulator*]" = YES;
				"INFOPLIST_KEY_UIStatusBarStyle[sdk=iphoneos*]" = UIStatusBarStyleDefault;
				"INFOPLIST_KEY_UIStatusBarStyle[sdk=iphonesimulator*]" = UIStatusBarStyleDefault;
				INFOPLIST_KEY_UISupportedInterfaceOrientations_iPad = "UIInterfaceOrientationPortrait UIInterfaceOrientationPortraitUpsideDown UIInterfaceOrientationLandscapeLeft UIInterfaceOrientationLandscapeRight";
				INFOPLIST_KEY_UISupportedInterfaceOrientations_iPhone = "UIInterfaceOrientationPortrait UIInterfaceOrientationLandscapeLeft UIInterfaceOrientationLandscapeRight";
				IPHONEOS_DEPLOYMENT_TARGET = 16.4;
				LD_RUNPATH_SEARCH_PATHS = "@executable_path/Frameworks";
				"LD_RUNPATH_SEARCH_PATHS[sdk=macosx*]" = "@executable_path/../Frameworks";
				MACOSX_DEPLOYMENT_TARGET = 13.3;
				MARKETING_VERSION = 1.0;
				PRODUCT_BUNDLE_IDENTIFIER = io.schwa.SwiftFieldsDemo;
				PRODUCT_NAME = "$(TARGET_NAME)";
				SDKROOT = auto;
				SUPPORTED_PLATFORMS = "iphoneos iphonesimulator macosx";
				SWIFT_EMIT_LOC_STRINGS = YES;
				SWIFT_VERSION = 5.0;
				TARGETED_DEVICE_FAMILY = "1,2";
			};
			name = Debug;
		};
		45E512A72A0EC5190070D177 /* Release */ = {
			isa = XCBuildConfiguration;
			buildSettings = {
				ASSETCATALOG_COMPILER_APPICON_NAME = AppIcon;
				ASSETCATALOG_COMPILER_GLOBAL_ACCENT_COLOR_NAME = AccentColor;
				CODE_SIGN_ENTITLEMENTS = SwiftFieldsDemo/SwiftFieldsDemo.entitlements;
				CODE_SIGN_STYLE = Automatic;
				CURRENT_PROJECT_VERSION = 1;
				DEVELOPMENT_ASSET_PATHS = "\"SwiftFieldsDemo/Preview Content\"";
				DEVELOPMENT_TEAM = 6E23EP94PG;
				ENABLE_HARDENED_RUNTIME = YES;
				ENABLE_PREVIEWS = YES;
				GENERATE_INFOPLIST_FILE = YES;
				"INFOPLIST_KEY_UIApplicationSceneManifest_Generation[sdk=iphoneos*]" = YES;
				"INFOPLIST_KEY_UIApplicationSceneManifest_Generation[sdk=iphonesimulator*]" = YES;
				"INFOPLIST_KEY_UIApplicationSupportsIndirectInputEvents[sdk=iphoneos*]" = YES;
				"INFOPLIST_KEY_UIApplicationSupportsIndirectInputEvents[sdk=iphonesimulator*]" = YES;
				"INFOPLIST_KEY_UILaunchScreen_Generation[sdk=iphoneos*]" = YES;
				"INFOPLIST_KEY_UILaunchScreen_Generation[sdk=iphonesimulator*]" = YES;
				"INFOPLIST_KEY_UIStatusBarStyle[sdk=iphoneos*]" = UIStatusBarStyleDefault;
				"INFOPLIST_KEY_UIStatusBarStyle[sdk=iphonesimulator*]" = UIStatusBarStyleDefault;
				INFOPLIST_KEY_UISupportedInterfaceOrientations_iPad = "UIInterfaceOrientationPortrait UIInterfaceOrientationPortraitUpsideDown UIInterfaceOrientationLandscapeLeft UIInterfaceOrientationLandscapeRight";
				INFOPLIST_KEY_UISupportedInterfaceOrientations_iPhone = "UIInterfaceOrientationPortrait UIInterfaceOrientationLandscapeLeft UIInterfaceOrientationLandscapeRight";
				IPHONEOS_DEPLOYMENT_TARGET = 16.4;
				LD_RUNPATH_SEARCH_PATHS = "@executable_path/Frameworks";
				"LD_RUNPATH_SEARCH_PATHS[sdk=macosx*]" = "@executable_path/../Frameworks";
				MACOSX_DEPLOYMENT_TARGET = 13.3;
				MARKETING_VERSION = 1.0;
				PRODUCT_BUNDLE_IDENTIFIER = io.schwa.SwiftFieldsDemo;
				PRODUCT_NAME = "$(TARGET_NAME)";
				SDKROOT = auto;
				SUPPORTED_PLATFORMS = "iphoneos iphonesimulator macosx";
				SWIFT_EMIT_LOC_STRINGS = YES;
				SWIFT_VERSION = 5.0;
				TARGETED_DEVICE_FAMILY = "1,2";
			};
			name = Release;
		};
/* End XCBuildConfiguration section */

/* Begin XCConfigurationList section */
		45E512912A0EC5180070D177 /* Build configuration list for PBXProject "SwiftFieldsDemo" */ = {
			isa = XCConfigurationList;
			buildConfigurations = (
				45E512A32A0EC5190070D177 /* Debug */,
				45E512A42A0EC5190070D177 /* Release */,
			);
			defaultConfigurationIsVisible = 0;
			defaultConfigurationName = Release;
		};
		45E512A52A0EC5190070D177 /* Build configuration list for PBXNativeTarget "SwiftFieldsDemo" */ = {
			isa = XCConfigurationList;
			buildConfigurations = (
				45E512A62A0EC5190070D177 /* Debug */,
				45E512A72A0EC5190070D177 /* Release */,
			);
			defaultConfigurationIsVisible = 0;
			defaultConfigurationName = Release;
		};
/* End XCConfigurationList section */

/* Begin XCSwiftPackageProductDependency section */
		4515C7E92A0EC56900E56D8D /* SwiftFields */ = {
			isa = XCSwiftPackageProductDependency;
			productName = SwiftFields;
		};
/* End XCSwiftPackageProductDependency section */
	};
	rootObject = 45E5128E2A0EC5180070D177 /* Project object */;
}
